{
  "version": 4,
  "terraform_version": "1.8.1",
  "serial": 79,
  "lineage": "81841463-c319-ad0f-b093-9e8edb082123",
  "outputs": {},
  "resources": [
    {
      "mode": "data",
      "type": "openstack_networking_subnet_ids_v2",
      "name": "ext_subnets",
      "provider": "provider[\"registry.terraform.io/terraform-provider-openstack/openstack\"]",
      "instances": [
        {
          "schema_version": 0,
          "attributes": {
            "cidr": null,
            "description": null,
            "dhcp_enabled": null,
            "gateway_ip": null,
            "id": "0",
            "ids": [],
            "ip_version": null,
            "ipv6_address_mode": null,
            "ipv6_ra_mode": null,
            "name": null,
            "name_regex": null,
            "network_id": "0f9c3806-bd21-490f-918d-4a6d1c648489",
            "region": "dc3-a",
            "sort_direction": null,
            "sort_key": null,
            "subnetpool_id": null,
            "tags": null,
            "tenant_id": null
          },
          "sensitive_attributes": []
        }
      ]
    },
    {
      "mode": "managed",
      "type": "openstack_compute_instance_v2",
      "name": "openvpn",
      "provider": "provider[\"registry.terraform.io/terraform-provider-openstack/openstack\"]",
      "instances": [
        {
          "status": "tainted",
          "schema_version": 0,
          "attributes": {
            "access_ip_v4": null,
            "access_ip_v6": null,
            "admin_pass": null,
            "all_metadata": null,
            "all_tags": [],
            "availability_zone": null,
            "availability_zone_hints": null,
            "block_device": [],
            "config_drive": null,
            "created": null,
            "flavor_id": null,
            "flavor_name": "a1-ram2-disk20-perf1",
            "floating_ip": null,
            "force_delete": false,
            "id": "4d3fca1f-209c-4736-93a2-c280c3ed93b3",
            "image_id": "05fa3a81-a731-4952-bdf4-ca8ceea1f17b",
            "image_name": null,
            "key_pair": "my_keypair",
            "metadata": {
              "environment": "dev",
              "owner": "Bakary Seydou Diaby",
              "version": "1.0.0"
            },
            "name": "openvpn",
            "network": [
              {
                "access_network": false,
                "fixed_ip_v4": "",
                "fixed_ip_v6": "",
                "floating_ip": "",
                "mac": "",
                "name": "my_network",
                "port": "",
                "uuid": ""
              }
            ],
            "network_mode": null,
            "personality": [],
            "power_state": "active",
            "region": null,
            "scheduler_hints": [],
            "security_groups": [
              "default",
              "openvpn_secgroup",
              "proxy_secgroup",
              "ssh_secgroup"
            ],
            "stop_before_destroy": false,
            "tags": null,
            "timeouts": null,
            "updated": null,
            "user_data": null,
            "vendor_options": [],
            "volume": []
          },
          "sensitive_attributes": [
            [
              {
                "type": "get_attr",
                "value": "admin_pass"
              }
            ]
          ],
          "private": "eyJlMmJmYjczMC1lY2FhLTExZTYtOGY4OC0zNDM2M2JjN2M0YzAiOnsiY3JlYXRlIjoxODAwMDAwMDAwMDAwLCJkZWxldGUiOjE4MDAwMDAwMDAwMDAsInVwZGF0ZSI6MTgwMDAwMDAwMDAwMH19",
          "dependencies": [
            "openstack_compute_keypair_v2.keypair",
            "openstack_networking_network_v2.network",
            "openstack_networking_secgroup_rule_v2.openvpn_rule",
            "openstack_networking_secgroup_v2.openvpn_secgroup",
            "openstack_networking_secgroup_v2.proxy_secgroup",
            "openstack_networking_secgroup_v2.ssh_secgroup",
            "openstack_networking_subnet_v2.subnet"
          ]
        }
      ]
    },
    {
      "mode": "managed",
      "type": "openstack_compute_keypair_v2",
      "name": "keypair",
      "provider": "provider[\"registry.terraform.io/terraform-provider-openstack/openstack\"]",
      "instances": [
        {
          "schema_version": 0,
          "attributes": {
            "fingerprint": "71:85:e2:22:9b:8b:ed:4b:b9:b1:3a:d5:e7:26:38:75",
            "id": "my_keypair",
            "name": "my_keypair",
            "private_key": "",
            "public_key": "ssh-rsa AAAAB3NzaC1yc2EAAAADAQABAAABgQC04a8huQBpMDJBSm4Wgy04YH1lVsrmlRPCAtWYrAhJ7KNtPM5J697DkN+9omz9owMUNZsLu8PZPf4fQakF8NqI8M2u+iZPBBr1fzsHFFIxrkszP9OtZebaYfqfAgT+mgi8l+bk+B5bWJXzZ2fZJxDYykqsFzp/aFZ4OfDlmqHNK45O+tiu4ELWzH46S5plysY6SGEIeTrrrC35yN4I63jFPiRwaGTSHVXsrQ9v7i9IS2vp21aYD5ItYgTlut5QQ37C679cjU3ZyVPYu114FReIExOL9gy1u3XejRv8Icr98kVu2d2mBFHxMQUQeMMC6piRW2Gm/9w57JKyMQWm8zfLjuoWWR4uXAoOtI5bHBJnVDxK6+jCS6LjLmNPeF18pNnWYd0b9GfVRdpq5r20yQJHgsfrvaxrGFXcSEfiA8P3SU3PKS0uMXAsmgzYwGO7i2N8ZY5IwHat3Ou6maW3fRQAko+wYcTzZg7v4AnzHL1plPfkPnv6fFc8yj5nPMdH0Kk= bakar@DESKTOP-H8OG6RC\n",
            "region": "dc3-a",
            "user_id": "",
            "value_specs": null
          },
          "sensitive_attributes": [
            [
              {
                "type": "get_attr",
                "value": "private_key"
              }
            ]
          ],
          "private": "bnVsbA=="
        }
      ]
    },
    {
      "mode": "managed",
      "type": "openstack_networking_floatingip_v2",
      "name": "floating_ip",
      "provider": "provider[\"registry.terraform.io/terraform-provider-openstack/openstack\"]",
      "instances": [
        {
          "schema_version": 0,
          "attributes": {
            "address": "195.15.198.55",
            "all_tags": [],
            "description": "",
            "dns_domain": "",
            "dns_name": "",
            "fixed_ip": "",
            "id": "1bf918b5-dcc7-4880-8279-574b4b5f1eac",
            "pool": "ext-floating1",
            "port_id": "",
            "region": "dc3-a",
            "subnet_id": null,
            "subnet_ids": [],
            "tags": null,
            "tenant_id": "dabc9df3dd9440908120728ce6fc3819",
            "timeouts": null,
            "value_specs": null
          },
          "sensitive_attributes": [],
          "private": "eyJlMmJmYjczMC1lY2FhLTExZTYtOGY4OC0zNDM2M2JjN2M0YzAiOnsiY3JlYXRlIjo2MDAwMDAwMDAwMDAsImRlbGV0ZSI6NjAwMDAwMDAwMDAwfX0=",
          "dependencies": [
            "data.openstack_networking_subnet_ids_v2.ext_subnets"
          ]
        }
      ]
    },
    {
      "mode": "managed",
      "type": "openstack_networking_network_v2",
      "name": "network",
      "provider": "provider[\"registry.terraform.io/terraform-provider-openstack/openstack\"]",
      "instances": [
        {
          "schema_version": 0,
          "attributes": {
            "admin_state_up": true,
            "all_tags": [],
            "availability_zone_hints": [],
            "description": "",
            "dns_domain": "",
            "external": false,
            "id": "c6c83f03-63eb-4d90-b267-6410473c20e0",
            "mtu": 1500,
            "name": "my_network",
            "port_security_enabled": true,
            "qos_policy_id": "",
            "region": "dc3-a",
            "segments": [],
            "shared": false,
            "tags": null,
            "tenant_id": "dabc9df3dd9440908120728ce6fc3819",
            "timeouts": null,
            "transparent_vlan": false,
            "value_specs": null
          },
          "sensitive_attributes": [],
          "private": "eyJlMmJmYjczMC1lY2FhLTExZTYtOGY4OC0zNDM2M2JjN2M0YzAiOnsiY3JlYXRlIjo2MDAwMDAwMDAwMDAsImRlbGV0ZSI6NjAwMDAwMDAwMDAwfX0="
        }
      ]
    },
    {
      "mode": "managed",
      "type": "openstack_networking_router_v2",
      "name": "router",
      "provider": "provider[\"registry.terraform.io/terraform-provider-openstack/openstack\"]",
      "instances": [
        {
          "schema_version": 0,
          "attributes": {
            "admin_state_up": true,
            "all_tags": [],
            "availability_zone_hints": [],
            "description": "",
            "distributed": false,
            "enable_snat": true,
            "external_fixed_ip": [
              {
                "ip_address": "195.15.199.144",
                "subnet_id": "5b11891c-91a8-493e-aea6-b076158621be"
              }
            ],
            "external_gateway": "0f9c3806-bd21-490f-918d-4a6d1c648489",
            "external_network_id": "0f9c3806-bd21-490f-918d-4a6d1c648489",
            "external_subnet_ids": null,
            "id": "434a9cd9-a9a8-41c2-9d75-e894cc1ff65f",
            "name": "my_router",
            "region": "dc3-a",
            "tags": null,
            "tenant_id": "dabc9df3dd9440908120728ce6fc3819",
            "timeouts": null,
            "value_specs": null,
            "vendor_options": []
          },
          "sensitive_attributes": [],
          "private": "eyJlMmJmYjczMC1lY2FhLTExZTYtOGY4OC0zNDM2M2JjN2M0YzAiOnsiY3JlYXRlIjo2MDAwMDAwMDAwMDAsImRlbGV0ZSI6NjAwMDAwMDAwMDAwfX0="
        }
      ]
    },
    {
      "mode": "managed",
      "type": "openstack_networking_secgroup_rule_v2",
      "name": "all_ports_tcp_rule",
      "provider": "provider[\"registry.terraform.io/terraform-provider-openstack/openstack\"]",
      "instances": [
        {
          "schema_version": 0,
          "attributes": {
            "description": "",
            "direction": "ingress",
            "ethertype": "IPv4",
            "id": "2b4a9617-d371-472f-b853-097ec842e3b7",
            "port_range_max": 0,
            "port_range_min": 0,
            "protocol": "tcp",
            "region": "dc3-a",
            "remote_group_id": "",
            "remote_ip_prefix": "10.0.1.0/24",
            "security_group_id": "5b6314a8-cdb0-403a-8902-4ab25e9d59d4",
            "tenant_id": "dabc9df3dd9440908120728ce6fc3819",
            "timeouts": null
          },
          "sensitive_attributes": [],
          "private": "eyJlMmJmYjczMC1lY2FhLTExZTYtOGY4OC0zNDM2M2JjN2M0YzAiOnsiZGVsZXRlIjo2MDAwMDAwMDAwMDB9fQ==",
          "dependencies": [
            "openstack_networking_secgroup_v2.subnet_secgroup"
          ]
        }
      ]
    },
    {
      "mode": "managed",
      "type": "openstack_networking_secgroup_rule_v2",
      "name": "all_ports_udp_rule",
      "provider": "provider[\"registry.terraform.io/terraform-provider-openstack/openstack\"]",
      "instances": [
        {
          "schema_version": 0,
          "attributes": {
            "description": "",
            "direction": "ingress",
            "ethertype": "IPv4",
            "id": "215d6c28-b9b8-4108-af4d-d116478410c8",
            "port_range_max": 0,
            "port_range_min": 0,
            "protocol": "udp",
            "region": "dc3-a",
            "remote_group_id": "",
            "remote_ip_prefix": "10.0.1.0/24",
            "security_group_id": "5b6314a8-cdb0-403a-8902-4ab25e9d59d4",
            "tenant_id": "dabc9df3dd9440908120728ce6fc3819",
            "timeouts": null
          },
          "sensitive_attributes": [],
          "private": "eyJlMmJmYjczMC1lY2FhLTExZTYtOGY4OC0zNDM2M2JjN2M0YzAiOnsiZGVsZXRlIjo2MDAwMDAwMDAwMDB9fQ==",
          "dependencies": [
            "openstack_networking_secgroup_v2.subnet_secgroup"
          ]
        }
      ]
    },
    {
      "mode": "managed",
      "type": "openstack_networking_secgroup_rule_v2",
      "name": "http_rule",
      "provider": "provider[\"registry.terraform.io/terraform-provider-openstack/openstack\"]",
      "instances": [
        {
          "schema_version": 0,
          "attributes": {
            "description": "",
            "direction": "ingress",
            "ethertype": "IPv4",
            "id": "84204dd7-4783-4139-9560-dcc60fb29b5c",
            "port_range_max": 80,
            "port_range_min": 80,
            "protocol": "tcp",
            "region": "dc3-a",
            "remote_group_id": "",
            "remote_ip_prefix": "10.0.1.0/24",
            "security_group_id": "5b82804b-4a59-4eec-b8a2-951b2d36f9aa",
            "tenant_id": "dabc9df3dd9440908120728ce6fc3819",
            "timeouts": null
          },
          "sensitive_attributes": [],
          "private": "eyJlMmJmYjczMC1lY2FhLTExZTYtOGY4OC0zNDM2M2JjN2M0YzAiOnsiZGVsZXRlIjo2MDAwMDAwMDAwMDB9fQ==",
          "dependencies": [
            "openstack_networking_secgroup_v2.proxy_secgroup"
          ]
        }
      ]
    },
    {
      "mode": "managed",
      "type": "openstack_networking_secgroup_rule_v2",
      "name": "https_rule",
      "provider": "provider[\"registry.terraform.io/terraform-provider-openstack/openstack\"]",
      "instances": [
        {
          "schema_version": 0,
          "attributes": {
            "description": "",
            "direction": "ingress",
            "ethertype": "IPv4",
            "id": "70595162-c08e-42c8-b99b-9409757a5694",
            "port_range_max": 443,
            "port_range_min": 443,
            "protocol": "tcp",
            "region": "dc3-a",
            "remote_group_id": "",
            "remote_ip_prefix": "10.0.1.0/24",
            "security_group_id": "5b82804b-4a59-4eec-b8a2-951b2d36f9aa",
            "tenant_id": "dabc9df3dd9440908120728ce6fc3819",
            "timeouts": null
          },
          "sensitive_attributes": [],
          "private": "eyJlMmJmYjczMC1lY2FhLTExZTYtOGY4OC0zNDM2M2JjN2M0YzAiOnsiZGVsZXRlIjo2MDAwMDAwMDAwMDB9fQ==",
          "dependencies": [
            "openstack_networking_secgroup_v2.proxy_secgroup"
          ]
        }
      ]
    },
    {
      "mode": "managed",
      "type": "openstack_networking_secgroup_rule_v2",
      "name": "openvpn_rule",
      "provider": "provider[\"registry.terraform.io/terraform-provider-openstack/openstack\"]",
      "instances": [
        {
          "schema_version": 0,
          "attributes": {
            "description": "",
            "direction": "ingress",
            "ethertype": "IPv4",
            "id": "3e3c578c-b7fb-4cdc-8592-029b26eb5e64",
            "port_range_max": 1194,
            "port_range_min": 1194,
            "protocol": "udp",
            "region": "dc3-a",
            "remote_group_id": "",
            "remote_ip_prefix": "0.0.0.0/0",
            "security_group_id": "7a693199-7383-4ef9-b0e2-27bbd552531b",
            "tenant_id": "dabc9df3dd9440908120728ce6fc3819",
            "timeouts": null
          },
          "sensitive_attributes": [],
          "private": "eyJlMmJmYjczMC1lY2FhLTExZTYtOGY4OC0zNDM2M2JjN2M0YzAiOnsiZGVsZXRlIjo2MDAwMDAwMDAwMDB9fQ==",
          "dependencies": [
            "openstack_networking_secgroup_v2.openvpn_secgroup"
          ]
        }
      ]
    },
    {
      "mode": "managed",
      "type": "openstack_networking_secgroup_rule_v2",
      "name": "ssh_rule",
      "provider": "provider[\"registry.terraform.io/terraform-provider-openstack/openstack\"]",
      "instances": [
        {
          "schema_version": 0,
          "attributes": {
            "description": "",
            "direction": "ingress",
            "ethertype": "IPv4",
            "id": "4c8027c9-1e2c-41cd-b1ed-bb3b71a56e2f",
            "port_range_max": 22,
            "port_range_min": 22,
            "protocol": "tcp",
            "region": "dc3-a",
            "remote_group_id": "",
            "remote_ip_prefix": "0.0.0.0/0",
            "security_group_id": "66315f31-9239-4f54-a74d-eeeb1e6b9866",
            "tenant_id": "dabc9df3dd9440908120728ce6fc3819",
            "timeouts": null
          },
          "sensitive_attributes": [],
          "private": "eyJlMmJmYjczMC1lY2FhLTExZTYtOGY4OC0zNDM2M2JjN2M0YzAiOnsiZGVsZXRlIjo2MDAwMDAwMDAwMDB9fQ==",
          "dependencies": [
            "openstack_networking_secgroup_v2.ssh_secgroup"
          ]
        }
      ]
    },
    {
      "mode": "managed",
      "type": "openstack_networking_secgroup_rule_v2",
      "name": "ssh_subnet_rule",
      "provider": "provider[\"registry.terraform.io/terraform-provider-openstack/openstack\"]",
      "instances": [
        {
          "schema_version": 0,
          "attributes": {
            "description": "",
            "direction": "ingress",
            "ethertype": "IPv4",
            "id": "f2b2207f-14d3-404c-8ef3-19c2bc5ae6d8",
            "port_range_max": 22,
            "port_range_min": 22,
            "protocol": "tcp",
            "region": "dc3-a",
            "remote_group_id": "",
            "remote_ip_prefix": "10.0.1.0/24",
            "security_group_id": "5b6314a8-cdb0-403a-8902-4ab25e9d59d4",
            "tenant_id": "dabc9df3dd9440908120728ce6fc3819",
            "timeouts": null
          },
          "sensitive_attributes": [],
          "private": "eyJlMmJmYjczMC1lY2FhLTExZTYtOGY4OC0zNDM2M2JjN2M0YzAiOnsiZGVsZXRlIjo2MDAwMDAwMDAwMDB9fQ==",
          "dependencies": [
            "openstack_networking_secgroup_v2.subnet_secgroup"
          ]
        }
      ]
    },
    {
      "mode": "managed",
      "type": "openstack_networking_secgroup_v2",
      "name": "openvpn_secgroup",
      "provider": "provider[\"registry.terraform.io/terraform-provider-openstack/openstack\"]",
      "instances": [
        {
          "schema_version": 0,
          "attributes": {
            "all_tags": [],
            "delete_default_rules": null,
            "description": "Security group for OpenVPN access",
            "id": "7a693199-7383-4ef9-b0e2-27bbd552531b",
            "name": "openvpn_secgroup",
            "region": "dc3-a",
            "tags": null,
            "tenant_id": "dabc9df3dd9440908120728ce6fc3819",
            "timeouts": null
          },
          "sensitive_attributes": [],
          "private": "eyJlMmJmYjczMC1lY2FhLTExZTYtOGY4OC0zNDM2M2JjN2M0YzAiOnsiZGVsZXRlIjo2MDAwMDAwMDAwMDB9fQ=="
        }
      ]
    },
    {
      "mode": "managed",
      "type": "openstack_networking_secgroup_v2",
      "name": "proxy_secgroup",
      "provider": "provider[\"registry.terraform.io/terraform-provider-openstack/openstack\"]",
      "instances": [
        {
          "schema_version": 0,
          "attributes": {
            "all_tags": [],
            "delete_default_rules": null,
            "description": "Security group for http and https",
            "id": "5b82804b-4a59-4eec-b8a2-951b2d36f9aa",
            "name": "proxy_secgroup",
            "region": "dc3-a",
            "tags": null,
            "tenant_id": "dabc9df3dd9440908120728ce6fc3819",
            "timeouts": null
          },
          "sensitive_attributes": [],
          "private": "eyJlMmJmYjczMC1lY2FhLTExZTYtOGY4OC0zNDM2M2JjN2M0YzAiOnsiZGVsZXRlIjo2MDAwMDAwMDAwMDB9fQ=="
        }
      ]
    },
    {
      "mode": "managed",
      "type": "openstack_networking_secgroup_v2",
      "name": "ssh_secgroup",
      "provider": "provider[\"registry.terraform.io/terraform-provider-openstack/openstack\"]",
      "instances": [
        {
          "schema_version": 0,
          "attributes": {
            "all_tags": [],
            "delete_default_rules": null,
            "description": "Security group for SSH access",
            "id": "66315f31-9239-4f54-a74d-eeeb1e6b9866",
            "name": "ssh_secgroup",
            "region": "dc3-a",
            "tags": null,
            "tenant_id": "dabc9df3dd9440908120728ce6fc3819",
            "timeouts": null
          },
          "sensitive_attributes": [],
          "private": "eyJlMmJmYjczMC1lY2FhLTExZTYtOGY4OC0zNDM2M2JjN2M0YzAiOnsiZGVsZXRlIjo2MDAwMDAwMDAwMDB9fQ=="
        }
      ]
    },
    {
      "mode": "managed",
      "type": "openstack_networking_secgroup_v2",
      "name": "subnet_secgroup",
      "provider": "provider[\"registry.terraform.io/terraform-provider-openstack/openstack\"]",
      "instances": [
        {
          "schema_version": 0,
          "attributes": {
            "all_tags": [],
            "delete_default_rules": null,
            "description": "Security group for the subnet",
            "id": "5b6314a8-cdb0-403a-8902-4ab25e9d59d4",
            "name": "subnet_secgroup",
            "region": "dc3-a",
            "tags": null,
            "tenant_id": "dabc9df3dd9440908120728ce6fc3819",
            "timeouts": null
          },
          "sensitive_attributes": [],
          "private": "eyJlMmJmYjczMC1lY2FhLTExZTYtOGY4OC0zNDM2M2JjN2M0YzAiOnsiZGVsZXRlIjo2MDAwMDAwMDAwMDB9fQ=="
        }
      ]
    },
    {
      "mode": "managed",
      "type": "openstack_networking_subnet_v2",
      "name": "subnet",
      "provider": "provider[\"registry.terraform.io/terraform-provider-openstack/openstack\"]",
      "instances": [
        {
          "schema_version": 0,
          "attributes": {
            "all_tags": [],
            "allocation_pool": [
              {
                "end": "10.0.1.254",
                "start": "10.0.1.2"
              }
            ],
            "allocation_pools": [
              {
                "end": "10.0.1.254",
                "start": "10.0.1.2"
              }
            ],
            "cidr": "10.0.1.0/24",
            "description": "",
            "dns_nameservers": [
              "1.1.1.1",
              "8.8.8.8"
            ],
            "enable_dhcp": true,
            "gateway_ip": "10.0.1.1",
            "host_routes": [],
            "id": "a69a8c07-51ef-4e7a-bb7c-db8050bda3b9",
            "ip_version": 4,
            "ipv6_address_mode": "",
            "ipv6_ra_mode": "",
            "name": "my_subnet",
            "network_id": "c6c83f03-63eb-4d90-b267-6410473c20e0",
            "no_gateway": false,
            "prefix_length": null,
            "region": "dc3-a",
            "service_types": [],
            "subnetpool_id": "",
            "tags": null,
            "tenant_id": "dabc9df3dd9440908120728ce6fc3819",
            "timeouts": null,
            "value_specs": null
          },
          "sensitive_attributes": [],
          "private": "eyJlMmJmYjczMC1lY2FhLTExZTYtOGY4OC0zNDM2M2JjN2M0YzAiOnsiY3JlYXRlIjo2MDAwMDAwMDAwMDAsImRlbGV0ZSI6NjAwMDAwMDAwMDAwfX0=",
          "dependencies": [
            "openstack_networking_network_v2.network"
          ]
        }
      ]
    }
  ],
  "check_results": null
}
